// !$*UTF8*$!
{
	archiveVersion = 1;
	classes = {
	};
	objectVersion = 55;
	objects = {

/* Begin PBXBuildFile section */
		04CF217A28B37E550016BBCA /* AppDelegate.swift in Sources */ = {isa = PBXBuildFile; fileRef = 04CF217928B37E550016BBCA /* AppDelegate.swift */; };
		04CF217C28B37E550016BBCA /* SceneDelegate.swift in Sources */ = {isa = PBXBuildFile; fileRef = 04CF217B28B37E550016BBCA /* SceneDelegate.swift */; };
		04CF218328B37E560016BBCA /* Assets.xcassets in Resources */ = {isa = PBXBuildFile; fileRef = 04CF218228B37E560016BBCA /* Assets.xcassets */; };
		04CF218628B37E560016BBCA /* LaunchScreen.storyboard in Resources */ = {isa = PBXBuildFile; fileRef = 04CF218428B37E560016BBCA /* LaunchScreen.storyboard */; };
		04CF21C228B3B6690016BBCA /* Mark-Pro-Bold.ttf in Resources */ = {isa = PBXBuildFile; fileRef = 04CF21BF28B3B6690016BBCA /* Mark-Pro-Bold.ttf */; };
		04CF21C328B3B6690016BBCA /* Mark-Pro.ttf in Resources */ = {isa = PBXBuildFile; fileRef = 04CF21C028B3B6690016BBCA /* Mark-Pro.ttf */; };
		04CF21C428B3B6690016BBCA /* MarkPro-Medium.ttf in Resources */ = {isa = PBXBuildFile; fileRef = 04CF21C128B3B6690016BBCA /* MarkPro-Medium.ttf */; };
		04CF21D528B3CABF0016BBCA /* MainScreenView.swift in Sources */ = {isa = PBXBuildFile; fileRef = 04CF21D428B3CABF0016BBCA /* MainScreenView.swift */; };
		04CF21D728B3CCA70016BBCA /* MainScreenPresenter.swift in Sources */ = {isa = PBXBuildFile; fileRef = 04CF21D628B3CCA70016BBCA /* MainScreenPresenter.swift */; };
		04CF21D928B3CDBB0016BBCA /* MainScreenInteractor.swift in Sources */ = {isa = PBXBuildFile; fileRef = 04CF21D828B3CDBB0016BBCA /* MainScreenInteractor.swift */; };
		04CF21DB28B3D83B0016BBCA /* MainScreenRouter.swift in Sources */ = {isa = PBXBuildFile; fileRef = 04CF21DA28B3D83B0016BBCA /* MainScreenRouter.swift */; };
		04CF21DE28B402B60016BBCA /* MainModulebuilder.swift in Sources */ = {isa = PBXBuildFile; fileRef = 04CF21DD28B402B60016BBCA /* MainModulebuilder.swift */; };
		04CF21E028B408480016BBCA /* MainScreenView + SetupUI.swift in Sources */ = {isa = PBXBuildFile; fileRef = 04CF21DF28B408480016BBCA /* MainScreenView + SetupUI.swift */; };
/* End PBXBuildFile section */

/* Begin PBXFileReference section */
		04CF217628B37E550016BBCA /* ecommerce-concept.app */ = {isa = PBXFileReference; explicitFileType = wrapper.application; includeInIndex = 0; path = "ecommerce-concept.app"; sourceTree = BUILT_PRODUCTS_DIR; };
		04CF217928B37E550016BBCA /* AppDelegate.swift */ = {isa = PBXFileReference; lastKnownFileType = sourcecode.swift; path = AppDelegate.swift; sourceTree = "<group>"; };
		04CF217B28B37E550016BBCA /* SceneDelegate.swift */ = {isa = PBXFileReference; lastKnownFileType = sourcecode.swift; path = SceneDelegate.swift; sourceTree = "<group>"; };
		04CF218228B37E560016BBCA /* Assets.xcassets */ = {isa = PBXFileReference; lastKnownFileType = folder.assetcatalog; path = Assets.xcassets; sourceTree = "<group>"; };
		04CF218528B37E560016BBCA /* Base */ = {isa = PBXFileReference; lastKnownFileType = file.storyboard; name = Base; path = Base.lproj/LaunchScreen.storyboard; sourceTree = "<group>"; };
		04CF218728B37E560016BBCA /* Info.plist */ = {isa = PBXFileReference; lastKnownFileType = text.plist.xml; path = Info.plist; sourceTree = "<group>"; };
		04CF21BF28B3B6690016BBCA /* Mark-Pro-Bold.ttf */ = {isa = PBXFileReference; lastKnownFileType = file; path = "Mark-Pro-Bold.ttf"; sourceTree = "<group>"; };
		04CF21C028B3B6690016BBCA /* Mark-Pro.ttf */ = {isa = PBXFileReference; lastKnownFileType = file; path = "Mark-Pro.ttf"; sourceTree = "<group>"; };
		04CF21C128B3B6690016BBCA /* MarkPro-Medium.ttf */ = {isa = PBXFileReference; lastKnownFileType = file; path = "MarkPro-Medium.ttf"; sourceTree = "<group>"; };
		04CF21D428B3CABF0016BBCA /* MainScreenView.swift */ = {isa = PBXFileReference; lastKnownFileType = sourcecode.swift; path = MainScreenView.swift; sourceTree = "<group>"; };
		04CF21D628B3CCA70016BBCA /* MainScreenPresenter.swift */ = {isa = PBXFileReference; lastKnownFileType = sourcecode.swift; path = MainScreenPresenter.swift; sourceTree = "<group>"; };
		04CF21D828B3CDBB0016BBCA /* MainScreenInteractor.swift */ = {isa = PBXFileReference; lastKnownFileType = sourcecode.swift; path = MainScreenInteractor.swift; sourceTree = "<group>"; };
		04CF21DA28B3D83B0016BBCA /* MainScreenRouter.swift */ = {isa = PBXFileReference; lastKnownFileType = sourcecode.swift; path = MainScreenRouter.swift; sourceTree = "<group>"; };
		04CF21DD28B402B60016BBCA /* MainModulebuilder.swift */ = {isa = PBXFileReference; lastKnownFileType = sourcecode.swift; path = MainModulebuilder.swift; sourceTree = "<group>"; };
		04CF21DF28B408480016BBCA /* MainScreenView + SetupUI.swift */ = {isa = PBXFileReference; lastKnownFileType = sourcecode.swift; path = "MainScreenView + SetupUI.swift"; sourceTree = "<group>"; };
/* End PBXFileReference section */

/* Begin PBXFrameworksBuildPhase section */
		04CF217328B37E550016BBCA /* Frameworks */ = {
			isa = PBXFrameworksBuildPhase;
			buildActionMask = 2147483647;
			files = (
			);
			runOnlyForDeploymentPostprocessing = 0;
		};
/* End PBXFrameworksBuildPhase section */

/* Begin PBXGroup section */
		04CF216D28B37E550016BBCA = {
			isa = PBXGroup;
			children = (
				04CF217828B37E550016BBCA /* ecommerce-concept */,
				04CF217728B37E550016BBCA /* Products */,
			);
			sourceTree = "<group>";
		};
		04CF217728B37E550016BBCA /* Products */ = {
			isa = PBXGroup;
			children = (
				04CF217628B37E550016BBCA /* ecommerce-concept.app */,
			);
			name = Products;
			sourceTree = "<group>";
		};
		04CF217828B37E550016BBCA /* ecommerce-concept */ = {
			isa = PBXGroup;
			children = (
				04CF21DC28B4029A0016BBCA /* ModuleBuilder */,
				04CF21BE28B3B62D0016BBCA /* Fonts */,
				04CF21BD28B3A5620016BBCA /* MyCartModule */,
				04CF21BC28B3A5450016BBCA /* ProductDetailsModule */,
				04CF21BB28B3A4E90016BBCA /* MainScreenModule */,
				04CF217928B37E550016BBCA /* AppDelegate.swift */,
				04CF217B28B37E550016BBCA /* SceneDelegate.swift */,
				04CF218228B37E560016BBCA /* Assets.xcassets */,
				04CF218428B37E560016BBCA /* LaunchScreen.storyboard */,
				04CF218728B37E560016BBCA /* Info.plist */,
			);
			path = "ecommerce-concept";
			sourceTree = "<group>";
		};
		04CF21BB28B3A4E90016BBCA /* MainScreenModule */ = {
			isa = PBXGroup;
			children = (
				04CF21D328B3C9FC0016BBCA /* Router */,
				04CF21D228B3C9F00016BBCA /* Entity */,
				04CF21D128B3C9EB0016BBCA /* Presenter */,
				04CF21D028B3C9E70016BBCA /* View */,
				04CF21CF28B3C9E20016BBCA /* Interactor */,
			);
			path = MainScreenModule;
			sourceTree = "<group>";
		};
		04CF21BC28B3A5450016BBCA /* ProductDetailsModule */ = {
			isa = PBXGroup;
			children = (
				04CF21CE28B3C9DC0016BBCA /* Interactor */,
				04CF21CD28B3C9D60016BBCA /* View */,
				04CF21CC28B3C9D00016BBCA /* Presenter */,
				04CF21CB28B3C9C80016BBCA /* Entity */,
				04CF21CA28B3C9C00016BBCA /* Router */,
			);
			path = ProductDetailsModule;
			sourceTree = "<group>";
		};
		04CF21BD28B3A5620016BBCA /* MyCartModule */ = {
			isa = PBXGroup;
			children = (
				04CF21C928B3BA860016BBCA /* Router */,
				04CF21C828B3BA7E0016BBCA /* Entity */,
				04CF21C728B3BA770016BBCA /* Presenter */,
				04CF21C628B3BA6D0016BBCA /* View */,
				04CF21C528B3BA550016BBCA /* Interactor */,
			);
			path = MyCartModule;
			sourceTree = "<group>";
		};
		04CF21BE28B3B62D0016BBCA /* Fonts */ = {
			isa = PBXGroup;
			children = (
				04CF21BF28B3B6690016BBCA /* Mark-Pro-Bold.ttf */,
				04CF21C028B3B6690016BBCA /* Mark-Pro.ttf */,
				04CF21C128B3B6690016BBCA /* MarkPro-Medium.ttf */,
			);
			path = Fonts;
			sourceTree = "<group>";
		};
		04CF21C528B3BA550016BBCA /* Interactor */ = {
			isa = PBXGroup;
			children = (
			);
			path = Interactor;
			sourceTree = "<group>";
		};
		04CF21C628B3BA6D0016BBCA /* View */ = {
			isa = PBXGroup;
			children = (
			);
			path = View;
			sourceTree = "<group>";
		};
		04CF21C728B3BA770016BBCA /* Presenter */ = {
			isa = PBXGroup;
			children = (
			);
			path = Presenter;
			sourceTree = "<group>";
		};
		04CF21C828B3BA7E0016BBCA /* Entity */ = {
			isa = PBXGroup;
			children = (
			);
			path = Entity;
			sourceTree = "<group>";
		};
		04CF21C928B3BA860016BBCA /* Router */ = {
			isa = PBXGroup;
			children = (
			);
			path = Router;
			sourceTree = "<group>";
		};
		04CF21CA28B3C9C00016BBCA /* Router */ = {
			isa = PBXGroup;
			children = (
			);
			path = Router;
			sourceTree = "<group>";
		};
		04CF21CB28B3C9C80016BBCA /* Entity */ = {
			isa = PBXGroup;
			children = (
			);
			path = Entity;
			sourceTree = "<group>";
		};
		04CF21CC28B3C9D00016BBCA /* Presenter */ = {
			isa = PBXGroup;
			children = (
			);
			path = Presenter;
			sourceTree = "<group>";
		};
		04CF21CD28B3C9D60016BBCA /* View */ = {
			isa = PBXGroup;
			children = (
			);
			path = View;
			sourceTree = "<group>";
		};
		04CF21CE28B3C9DC0016BBCA /* Interactor */ = {
			isa = PBXGroup;
			children = (
			);
			path = Interactor;
			sourceTree = "<group>";
		};
		04CF21CF28B3C9E20016BBCA /* Interactor */ = {
			isa = PBXGroup;
			children = (
				04CF21D828B3CDBB0016BBCA /* MainScreenInteractor.swift */,
			);
			path = Interactor;
			sourceTree = "<group>";
		};
		04CF21D028B3C9E70016BBCA /* View */ = {
			isa = PBXGroup;
			children = (
				04CF21D428B3CABF0016BBCA /* MainScreenView.swift */,
				04CF21DF28B408480016BBCA /* MainScreenView + SetupUI.swift */,
			);
			path = View;
			sourceTree = "<group>";
		};
		04CF21D128B3C9EB0016BBCA /* Presenter */ = {
			isa = PBXGroup;
			children = (
				04CF21D628B3CCA70016BBCA /* MainScreenPresenter.swift */,
			);
			path = Presenter;
			sourceTree = "<group>";
		};
		04CF21D228B3C9F00016BBCA /* Entity */ = {
			isa = PBXGroup;
			children = (
			);
			path = Entity;
			sourceTree = "<group>";
		};
		04CF21D328B3C9FC0016BBCA /* Router */ = {
			isa = PBXGroup;
			children = (
				04CF21DA28B3D83B0016BBCA /* MainScreenRouter.swift */,
			);
			path = Router;
			sourceTree = "<group>";
		};
		04CF21DC28B4029A0016BBCA /* ModuleBuilder */ = {
			isa = PBXGroup;
			children = (
				04CF21DD28B402B60016BBCA /* MainModulebuilder.swift */,
			);
			path = ModuleBuilder;
			sourceTree = "<group>";
		};
/* End PBXGroup section */

/* Begin PBXNativeTarget section */
		04CF217528B37E550016BBCA /* ecommerce-concept */ = {
			isa = PBXNativeTarget;
			buildConfigurationList = 04CF218A28B37E560016BBCA /* Build configuration list for PBXNativeTarget "ecommerce-concept" */;
			buildPhases = (
				04CF217228B37E550016BBCA /* Sources */,
				04CF217328B37E550016BBCA /* Frameworks */,
				04CF217428B37E550016BBCA /* Resources */,
			);
			buildRules = (
			);
			dependencies = (
			);
			name = "ecommerce-concept";
			productName = "ecommerce-concept";
			productReference = 04CF217628B37E550016BBCA /* ecommerce-concept.app */;
			productType = "com.apple.product-type.application";
		};
/* End PBXNativeTarget section */

/* Begin PBXProject section */
		04CF216E28B37E550016BBCA /* Project object */ = {
			isa = PBXProject;
			attributes = {
				BuildIndependentTargetsInParallel = 1;
				LastSwiftUpdateCheck = 1340;
				LastUpgradeCheck = 1340;
				TargetAttributes = {
					04CF217528B37E550016BBCA = {
						CreatedOnToolsVersion = 13.4.1;
					};
				};
			};
			buildConfigurationList = 04CF217128B37E550016BBCA /* Build configuration list for PBXProject "ecommerce-concept" */;
			compatibilityVersion = "Xcode 13.0";
			developmentRegion = en;
			hasScannedForEncodings = 0;
			knownRegions = (
				en,
				Base,
			);
			mainGroup = 04CF216D28B37E550016BBCA;
			productRefGroup = 04CF217728B37E550016BBCA /* Products */;
			projectDirPath = "";
			projectRoot = "";
			targets = (
				04CF217528B37E550016BBCA /* ecommerce-concept */,
			);
		};
/* End PBXProject section */

/* Begin PBXResourcesBuildPhase section */
		04CF217428B37E550016BBCA /* Resources */ = {
			isa = PBXResourcesBuildPhase;
			buildActionMask = 2147483647;
			files = (
				04CF21C228B3B6690016BBCA /* Mark-Pro-Bold.ttf in Resources */,
				04CF21C328B3B6690016BBCA /* Mark-Pro.ttf in Resources */,
				04CF218628B37E560016BBCA /* LaunchScreen.storyboard in Resources */,
				04CF218328B37E560016BBCA /* Assets.xcassets in Resources */,
				04CF21C428B3B6690016BBCA /* MarkPro-Medium.ttf in Resources */,
			);
			runOnlyForDeploymentPostprocessing = 0;
		};
/* End PBXResourcesBuildPhase section */

/* Begin PBXSourcesBuildPhase section */
		04CF217228B37E550016BBCA /* Sources */ = {
			isa = PBXSourcesBuildPhase;
			buildActionMask = 2147483647;
			files = (
				04CF21D928B3CDBB0016BBCA /* MainScreenInteractor.swift in Sources */,
				04CF217A28B37E550016BBCA /* AppDelegate.swift in Sources */,
				04CF21D728B3CCA70016BBCA /* MainScreenPresenter.swift in Sources */,
				04CF21E028B408480016BBCA /* MainScreenView + SetupUI.swift in Sources */,
				04CF21DE28B402B60016BBCA /* MainModulebuilder.swift in Sources */,
				04CF21DB28B3D83B0016BBCA /* MainScreenRouter.swift in Sources */,
				04CF21D528B3CABF0016BBCA /* MainScreenView.swift in Sources */,
				04CF217C28B37E550016BBCA /* SceneDelegate.swift in Sources */,
			);
			runOnlyForDeploymentPostprocessing = 0;
		};
/* End PBXSourcesBuildPhase section */

/* Begin PBXVariantGroup section */
		04CF218428B37E560016BBCA /* LaunchScreen.storyboard */ = {
			isa = PBXVariantGroup;
			children = (
				04CF218528B37E560016BBCA /* Base */,
			);
			name = LaunchScreen.storyboard;
			sourceTree = "<group>";
		};
/* End PBXVariantGroup section */

/* Begin XCBuildConfiguration section */
		04CF218828B37E560016BBCA /* Debug */ = {
			isa = XCBuildConfiguration;
			buildSettings = {
				ALWAYS_SEARCH_USER_PATHS = NO;
				CLANG_ANALYZER_NONNULL = YES;
				CLANG_ANALYZER_NUMBER_OBJECT_CONVERSION = YES_AGGRESSIVE;
				CLANG_CXX_LANGUAGE_STANDARD = "gnu++17";
				CLANG_ENABLE_MODULES = YES;
				CLANG_ENABLE_OBJC_ARC = YES;
				CLANG_ENABLE_OBJC_WEAK = YES;
				CLANG_WARN_BLOCK_CAPTURE_AUTORELEASING = YES;
				CLANG_WARN_BOOL_CONVERSION = YES;
				CLANG_WARN_COMMA = YES;
				CLANG_WARN_CONSTANT_CONVERSION = YES;
				CLANG_WARN_DEPRECATED_OBJC_IMPLEMENTATIONS = YES;
				CLANG_WARN_DIRECT_OBJC_ISA_USAGE = YES_ERROR;
				CLANG_WARN_DOCUMENTATION_COMMENTS = YES;
				CLANG_WARN_EMPTY_BODY = YES;
				CLANG_WARN_ENUM_CONVERSION = YES;
				CLANG_WARN_INFINITE_RECURSION = YES;
				CLANG_WARN_INT_CONVERSION = YES;
				CLANG_WARN_NON_LITERAL_NULL_CONVERSION = YES;
				CLANG_WARN_OBJC_IMPLICIT_RETAIN_SELF = YES;
				CLANG_WARN_OBJC_LITERAL_CONVERSION = YES;
				CLANG_WARN_OBJC_ROOT_CLASS = YES_ERROR;
				CLANG_WARN_QUOTED_INCLUDE_IN_FRAMEWORK_HEADER = YES;
				CLANG_WARN_RANGE_LOOP_ANALYSIS = YES;
				CLANG_WARN_STRICT_PROTOTYPES = YES;
				CLANG_WARN_SUSPICIOUS_MOVE = YES;
				CLANG_WARN_UNGUARDED_AVAILABILITY = YES_AGGRESSIVE;
				CLANG_WARN_UNREACHABLE_CODE = YES;
				CLANG_WARN__DUPLICATE_METHOD_MATCH = YES;
				COPY_PHASE_STRIP = NO;
				DEBUG_INFORMATION_FORMAT = dwarf;
				ENABLE_STRICT_OBJC_MSGSEND = YES;
				ENABLE_TESTABILITY = YES;
				GCC_C_LANGUAGE_STANDARD = gnu11;
				GCC_DYNAMIC_NO_PIC = NO;
				GCC_NO_COMMON_BLOCKS = YES;
				GCC_OPTIMIZATION_LEVEL = 0;
				GCC_PREPROCESSOR_DEFINITIONS = (
					"DEBUG=1",
					"$(inherited)",
				);
				GCC_WARN_64_TO_32_BIT_CONVERSION = YES;
				GCC_WARN_ABOUT_RETURN_TYPE = YES_ERROR;
				GCC_WARN_UNDECLARED_SELECTOR = YES;
				GCC_WARN_UNINITIALIZED_AUTOS = YES_AGGRESSIVE;
				GCC_WARN_UNUSED_FUNCTION = YES;
				GCC_WARN_UNUSED_VARIABLE = YES;
				IPHONEOS_DEPLOYMENT_TARGET = 15.5;
				MTL_ENABLE_DEBUG_INFO = INCLUDE_SOURCE;
				MTL_FAST_MATH = YES;
				ONLY_ACTIVE_ARCH = YES;
				SDKROOT = iphoneos;
				SWIFT_ACTIVE_COMPILATION_CONDITIONS = DEBUG;
				SWIFT_OPTIMIZATION_LEVEL = "-Onone";
			};
			name = Debug;
		};
		04CF218928B37E560016BBCA /* Release */ = {
			isa = XCBuildConfiguration;
			buildSettings = {
				ALWAYS_SEARCH_USER_PATHS = NO;
				CLANG_ANALYZER_NONNULL = YES;
				CLANG_ANALYZER_NUMBER_OBJECT_CONVERSION = YES_AGGRESSIVE;
				CLANG_CXX_LANGUAGE_STANDARD = "gnu++17";
				CLANG_ENABLE_MODULES = YES;
				CLANG_ENABLE_OBJC_ARC = YES;
				CLANG_ENABLE_OBJC_WEAK = YES;
				CLANG_WARN_BLOCK_CAPTURE_AUTORELEASING = YES;
				CLANG_WARN_BOOL_CONVERSION = YES;
				CLANG_WARN_COMMA = YES;
				CLANG_WARN_CONSTANT_CONVERSION = YES;
				CLANG_WARN_DEPRECATED_OBJC_IMPLEMENTATIONS = YES;
				CLANG_WARN_DIRECT_OBJC_ISA_USAGE = YES_ERROR;
				CLANG_WARN_DOCUMENTATION_COMMENTS = YES;
				CLANG_WARN_EMPTY_BODY = YES;
				CLANG_WARN_ENUM_CONVERSION = YES;
				CLANG_WARN_INFINITE_RECURSION = YES;
				CLANG_WARN_INT_CONVERSION = YES;
				CLANG_WARN_NON_LITERAL_NULL_CONVERSION = YES;
				CLANG_WARN_OBJC_IMPLICIT_RETAIN_SELF = YES;
				CLANG_WARN_OBJC_LITERAL_CONVERSION = YES;
				CLANG_WARN_OBJC_ROOT_CLASS = YES_ERROR;
				CLANG_WARN_QUOTED_INCLUDE_IN_FRAMEWORK_HEADER = YES;
				CLANG_WARN_RANGE_LOOP_ANALYSIS = YES;
				CLANG_WARN_STRICT_PROTOTYPES = YES;
				CLANG_WARN_SUSPICIOUS_MOVE = YES;
				CLANG_WARN_UNGUARDED_AVAILABILITY = YES_AGGRESSIVE;
				CLANG_WARN_UNREACHABLE_CODE = YES;
				CLANG_WARN__DUPLICATE_METHOD_MATCH = YES;
				COPY_PHASE_STRIP = NO;
				DEBUG_INFORMATION_FORMAT = "dwarf-with-dsym";
				ENABLE_NS_ASSERTIONS = NO;
				ENABLE_STRICT_OBJC_MSGSEND = YES;
				GCC_C_LANGUAGE_STANDARD = gnu11;
				GCC_NO_COMMON_BLOCKS = YES;
				GCC_WARN_64_TO_32_BIT_CONVERSION = YES;
				GCC_WARN_ABOUT_RETURN_TYPE = YES_ERROR;
				GCC_WARN_UNDECLARED_SELECTOR = YES;
				GCC_WARN_UNINITIALIZED_AUTOS = YES_AGGRESSIVE;
				GCC_WARN_UNUSED_FUNCTION = YES;
				GCC_WARN_UNUSED_VARIABLE = YES;
				IPHONEOS_DEPLOYMENT_TARGET = 15.5;
				MTL_ENABLE_DEBUG_INFO = NO;
				MTL_FAST_MATH = YES;
				SDKROOT = iphoneos;
				SWIFT_COMPILATION_MODE = wholemodule;
				SWIFT_OPTIMIZATION_LEVEL = "-O";
				VALIDATE_PRODUCT = YES;
			};
			name = Release;
		};
		04CF218B28B37E560016BBCA /* Debug */ = {
			isa = XCBuildConfiguration;
			buildSettings = {
				ASSETCATALOG_COMPILER_APPICON_NAME = AppIcon;
				ASSETCATALOG_COMPILER_GLOBAL_ACCENT_COLOR_NAME = AccentColor;
				CODE_SIGN_STYLE = Automatic;
				CURRENT_PROJECT_VERSION = 1;
				DEVELOPMENT_TEAM = 74L575RYQ9;
				GENERATE_INFOPLIST_FILE = YES;
				INFOPLIST_FILE = "ecommerce-concept/Info.plist";
				INFOPLIST_KEY_UIApplicationSupportsIndirectInputEvents = YES;
				INFOPLIST_KEY_UILaunchStoryboardName = LaunchScreen;
				INFOPLIST_KEY_UISupportedInterfaceOrientations_iPad = "UIInterfaceOrientationPortrait UIInterfaceOrientationPortraitUpsideDown UIInterfaceOrientationLandscapeLeft UIInterfaceOrientationLandscapeRight";
				INFOPLIST_KEY_UISupportedInterfaceOrientations_iPhone = "UIInterfaceOrientationPortrait UIInterfaceOrientationLandscapeLeft UIInterfaceOrientationLandscapeRight";
				LD_RUNPATH_SEARCH_PATHS = (
					"$(inherited)",
					"@executable_path/Frameworks",
				);
				MARKETING_VERSION = 1.0;
				PRODUCT_BUNDLE_IDENTIFIER = "maslov.ecommerce-concept";
				PRODUCT_NAME = "$(TARGET_NAME)";
				SWIFT_EMIT_LOC_STRINGS = YES;
				SWIFT_VERSION = 5.0;
				TARGETED_DEVICE_FAMILY = "1,2";
			};
			name = Debug;
		};
		04CF218C28B37E560016BBCA /* Release */ = {
			isa = XCBuildConfiguration;
			buildSettings = {
				ASSETCATALOG_COMPILER_APPICON_NAME = AppIcon;
				ASSETCATALOG_COMPILER_GLOBAL_ACCENT_COLOR_NAME = AccentColor;
				CODE_SIGN_STYLE = Automatic;
				CURRENT_PROJECT_VERSION = 1;
				DEVELOPMENT_TEAM = 74L575RYQ9;
				GENERATE_INFOPLIST_FILE = YES;
				INFOPLIST_FILE = "ecommerce-concept/Info.plist";
				INFOPLIST_KEY_UIApplicationSupportsIndirectInputEvents = YES;
				INFOPLIST_KEY_UILaunchStoryboardName = LaunchScreen;
				INFOPLIST_KEY_UISupportedInterfaceOrientations_iPad = "UIInterfaceOrientationPortrait UIInterfaceOrientationPortraitUpsideDown UIInterfaceOrientationLandscapeLeft UIInterfaceOrientationLandscapeRight";
				INFOPLIST_KEY_UISupportedInterfaceOrientations_iPhone = "UIInterfaceOrientationPortrait UIInterfaceOrientationLandscapeLeft UIInterfaceOrientationLandscapeRight";
				LD_RUNPATH_SEARCH_PATHS = (
					"$(inherited)",
					"@executable_path/Frameworks",
				);
				MARKETING_VERSION = 1.0;
				PRODUCT_BUNDLE_IDENTIFIER = "maslov.ecommerce-concept";
				PRODUCT_NAME = "$(TARGET_NAME)";
				SWIFT_EMIT_LOC_STRINGS = YES;
				SWIFT_VERSION = 5.0;
				TARGETED_DEVICE_FAMILY = "1,2";
			};
			name = Release;
		};
/* End XCBuildConfiguration section */

/* Begin XCConfigurationList section */
		04CF217128B37E550016BBCA /* Build configuration list for PBXProject "ecommerce-concept" */ = {
			isa = XCConfigurationList;
			buildConfigurations = (
				04CF218828B37E560016BBCA /* Debug */,
				04CF218928B37E560016BBCA /* Release */,
			);
			defaultConfigurationIsVisible = 0;
			defaultConfigurationName = Release;
		};
		04CF218A28B37E560016BBCA /* Build configuration list for PBXNativeTarget "ecommerce-concept" */ = {
			isa = XCConfigurationList;
			buildConfigurations = (
				04CF218B28B37E560016BBCA /* Debug */,
				04CF218C28B37E560016BBCA /* Release */,
			);
			defaultConfigurationIsVisible = 0;
			defaultConfigurationName = Release;
		};
/* End XCConfigurationList section */
	};
	rootObject = 04CF216E28B37E550016BBCA /* Project object */;
}
